// !$*UTF8*$!
{
	archiveVersion = 1;
	classes = {
	};
	objectVersion = 48;
	objects = {

/* Begin PBXBuildFile section */
		5908F199219ADA1400EF577D /* protocol.swift in Sources */ = {isa = PBXBuildFile; fileRef = 5908F198219ADA1400EF577D /* protocol.swift */; };
		5950A3AD21991F1F00DDBD14 /* jsonData.swift in Sources */ = {isa = PBXBuildFile; fileRef = 5950A3AC21991F1F00DDBD14 /* jsonData.swift */; };
		595B28E32187F4560006A61A /* inputView.swift in Sources */ = {isa = PBXBuildFile; fileRef = 595B28E22187F4560006A61A /* inputView.swift */; };
		595B28E52187F4670006A61A /* outputView.swift in Sources */ = {isa = PBXBuildFile; fileRef = 595B28E42187F4670006A61A /* outputView.swift */; };
		595B28E72187F4AD0006A61A /* jsonParser.swift in Sources */ = {isa = PBXBuildFile; fileRef = 595B28E62187F4AD0006A61A /* jsonParser.swift */; };
		595B28E92187FA930006A61A /* textValidator.swift in Sources */ = {isa = PBXBuildFile; fileRef = 595B28E82187FA930006A61A /* textValidator.swift */; };
		595B28ED218819D40006A61A /* textExtension.swift in Sources */ = {isa = PBXBuildFile; fileRef = 595B28EC218819D40006A61A /* textExtension.swift */; };
		59A656EA21A7A3C7003E1A34 /* regularExpression.swift in Sources */ = {isa = PBXBuildFile; fileRef = 59A656E921A7A3C7003E1A34 /* regularExpression.swift */; };
		83AE2E101F8CAC2800F38CC9 /* main.swift in Sources */ = {isa = PBXBuildFile; fileRef = 83AE2E0F1F8CAC2800F38CC9 /* main.swift */; };
/* End PBXBuildFile section */

/* Begin PBXCopyFilesBuildPhase section */
		83AE2E0A1F8CAC2800F38CC9 /* CopyFiles */ = {
			isa = PBXCopyFilesBuildPhase;
			buildActionMask = 2147483647;
			dstPath = /usr/share/man/man1/;
			dstSubfolderSpec = 0;
			files = (
			);
			runOnlyForDeploymentPostprocessing = 1;
		};
/* End PBXCopyFilesBuildPhase section */

/* Begin PBXFileReference section */
		5908F198219ADA1400EF577D /* protocol.swift */ = {isa = PBXFileReference; lastKnownFileType = sourcecode.swift; path = protocol.swift; sourceTree = "<group>"; };
		5950A3AC21991F1F00DDBD14 /* jsonData.swift */ = {isa = PBXFileReference; lastKnownFileType = sourcecode.swift; path = jsonData.swift; sourceTree = "<group>"; };
		595B28E22187F4560006A61A /* inputView.swift */ = {isa = PBXFileReference; lastKnownFileType = sourcecode.swift; path = inputView.swift; sourceTree = "<group>"; };
		595B28E42187F4670006A61A /* outputView.swift */ = {isa = PBXFileReference; lastKnownFileType = sourcecode.swift; path = outputView.swift; sourceTree = "<group>"; };
		595B28E62187F4AD0006A61A /* jsonParser.swift */ = {isa = PBXFileReference; lastKnownFileType = sourcecode.swift; path = jsonParser.swift; sourceTree = "<group>"; };
		595B28E82187FA930006A61A /* textValidator.swift */ = {isa = PBXFileReference; lastKnownFileType = sourcecode.swift; path = textValidator.swift; sourceTree = "<group>"; };
		595B28EC218819D40006A61A /* textExtension.swift */ = {isa = PBXFileReference; lastKnownFileType = sourcecode.swift; path = textExtension.swift; sourceTree = "<group>"; };
		59A656E921A7A3C7003E1A34 /* regularExpression.swift */ = {isa = PBXFileReference; lastKnownFileType = sourcecode.swift; path = regularExpression.swift; sourceTree = "<group>"; };
		83AE2E0C1F8CAC2800F38CC9 /* JSONParser */ = {isa = PBXFileReference; explicitFileType = "compiled.mach-o.executable"; includeInIndex = 0; path = JSONParser; sourceTree = BUILT_PRODUCTS_DIR; };
		83AE2E0F1F8CAC2800F38CC9 /* main.swift */ = {isa = PBXFileReference; lastKnownFileType = sourcecode.swift; path = main.swift; sourceTree = "<group>"; };
/* End PBXFileReference section */

/* Begin PBXFrameworksBuildPhase section */
		83AE2E091F8CAC2800F38CC9 /* Frameworks */ = {
			isa = PBXFrameworksBuildPhase;
			buildActionMask = 2147483647;
			files = (
			);
			runOnlyForDeploymentPostprocessing = 0;
		};
/* End PBXFrameworksBuildPhase section */

/* Begin PBXGroup section */
		83AE2E031F8CAC2800F38CC9 = {
			isa = PBXGroup;
			children = (
				83AE2E0E1F8CAC2800F38CC9 /* JSONParser */,
				83AE2E0D1F8CAC2800F38CC9 /* Products */,
			);
			sourceTree = "<group>";
		};
		83AE2E0D1F8CAC2800F38CC9 /* Products */ = {
			isa = PBXGroup;
			children = (
				83AE2E0C1F8CAC2800F38CC9 /* JSONParser */,
			);
			name = Products;
			sourceTree = "<group>";
		};
		83AE2E0E1F8CAC2800F38CC9 /* JSONParser */ = {
			isa = PBXGroup;
			children = (
				59A656E921A7A3C7003E1A34 /* regularExpression.swift */,
				5908F198219ADA1400EF577D /* protocol.swift */,
				83AE2E0F1F8CAC2800F38CC9 /* main.swift */,
				595B28E22187F4560006A61A /* inputView.swift */,
				595B28E42187F4670006A61A /* outputView.swift */,
				595B28E62187F4AD0006A61A /* jsonParser.swift */,
				595B28EC218819D40006A61A /* textExtension.swift */,
				595B28E82187FA930006A61A /* textValidator.swift */,
				5950A3AC21991F1F00DDBD14 /* jsonData.swift */,
			);
			path = JSONParser;
			sourceTree = "<group>";
		};
/* End PBXGroup section */

/* Begin PBXNativeTarget section */
		83AE2E0B1F8CAC2800F38CC9 /* JSONParser */ = {
			isa = PBXNativeTarget;
			buildConfigurationList = 83AE2E131F8CAC2800F38CC9 /* Build configuration list for PBXNativeTarget "JSONParser" */;
			buildPhases = (
				83AE2E081F8CAC2800F38CC9 /* Sources */,
				83AE2E091F8CAC2800F38CC9 /* Frameworks */,
				83AE2E0A1F8CAC2800F38CC9 /* CopyFiles */,
			);
			buildRules = (
			);
			dependencies = (
			);
			name = JSONParser;
			productName = JSONParser;
			productReference = 83AE2E0C1F8CAC2800F38CC9 /* JSONParser */;
			productType = "com.apple.product-type.tool";
		};
/* End PBXNativeTarget section */

/* Begin PBXProject section */
		83AE2E041F8CAC2800F38CC9 /* Project object */ = {
			isa = PBXProject;
			attributes = {
				LastSwiftUpdateCheck = 0900;
				LastUpgradeCheck = 1000;
				ORGANIZATIONNAME = JK;
				TargetAttributes = {
					83AE2E0B1F8CAC2800F38CC9 = {
						CreatedOnToolsVersion = 9.0;
						LastSwiftMigration = 1000;
						ProvisioningStyle = Automatic;
					};
				};
			};
			buildConfigurationList = 83AE2E071F8CAC2800F38CC9 /* Build configuration list for PBXProject "JSONParser" */;
			compatibilityVersion = "Xcode 8.0";
			developmentRegion = en;
			hasScannedForEncodings = 0;
			knownRegions = (
				en,
			);
			mainGroup = 83AE2E031F8CAC2800F38CC9;
			productRefGroup = 83AE2E0D1F8CAC2800F38CC9 /* Products */;
			projectDirPath = "";
			projectRoot = "";
			targets = (
				83AE2E0B1F8CAC2800F38CC9 /* JSONParser */,
			);
		};
/* End PBXProject section */

/* Begin PBXSourcesBuildPhase section */
		83AE2E081F8CAC2800F38CC9 /* Sources */ = {
			isa = PBXSourcesBuildPhase;
			buildActionMask = 2147483647;
			files = (
				83AE2E101F8CAC2800F38CC9 /* main.swift in Sources */,
				595B28E32187F4560006A61A /* inputView.swift in Sources */,
				5950A3AD21991F1F00DDBD14 /* jsonData.swift in Sources */,
				5908F199219ADA1400EF577D /* protocol.swift in Sources */,
				59A656EA21A7A3C7003E1A34 /* regularExpression.swift in Sources */,
				595B28E72187F4AD0006A61A /* jsonParser.swift in Sources */,
				595B28ED218819D40006A61A /* textExtension.swift in Sources */,
				595B28E92187FA930006A61A /* textValidator.swift in Sources */,
				595B28E52187F4670006A61A /* outputView.swift in Sources */,
			);
			runOnlyForDeploymentPostprocessing = 0;
		};
/* End PBXSourcesBuildPhase section */

/* Begin XCBuildConfiguration section */
		83AE2E111F8CAC2800F38CC9 /* Debug */ = {
			isa = XCBuildConfiguration;
			buildSettings = {
				ALWAYS_SEARCH_USER_PATHS = NO;
				CLANG_ANALYZER_NONNULL = YES;
				CLANG_ANALYZER_NUMBER_OBJECT_CONVERSION = YES_AGGRESSIVE;
				CLANG_CXX_LANGUAGE_STANDARD = "gnu++14";
				CLANG_CXX_LIBRARY = "libc++";
				CLANG_ENABLE_MODULES = YES;
				CLANG_ENABLE_OBJC_ARC = YES;
				CLANG_WARN_BLOCK_CAPTURE_AUTORELEASING = YES;
				CLANG_WARN_BOOL_CONVERSION = YES;
				CLANG_WARN_COMMA = YES;
				CLANG_WARN_CONSTANT_CONVERSION = YES;
				CLANG_WARN_DEPRECATED_OBJC_IMPLEMENTATIONS = YES;
				CLANG_WARN_DIRECT_OBJC_ISA_USAGE = YES_ERROR;
				CLANG_WARN_DOCUMENTATION_COMMENTS = YES;
				CLANG_WARN_EMPTY_BODY = YES;
				CLANG_WARN_ENUM_CONVERSION = YES;
				CLANG_WARN_INFINITE_RECURSION = YES;
				CLANG_WARN_INT_CONVERSION = YES;
				CLANG_WARN_NON_LITERAL_NULL_CONVERSION = YES;
				CLANG_WARN_OBJC_IMPLICIT_RETAIN_SELF = YES;
				CLANG_WARN_OBJC_LITERAL_CONVERSION = YES;
				CLANG_WARN_OBJC_ROOT_CLASS = YES_ERROR;
				CLANG_WARN_RANGE_LOOP_ANALYSIS = YES;
				CLANG_WARN_STRICT_PROTOTYPES = YES;
				CLANG_WARN_SUSPICIOUS_MOVE = YES;
				CLANG_WARN_UNGUARDED_AVAILABILITY = YES_AGGRESSIVE;
				CLANG_WARN_UNREACHABLE_CODE = YES;
				CLANG_WARN__DUPLICATE_METHOD_MATCH = YES;
				CODE_SIGN_IDENTITY = "-";
				COPY_PHASE_STRIP = NO;
				DEBUG_INFORMATION_FORMAT = dwarf;
				ENABLE_STRICT_OBJC_MSGSEND = YES;
				ENABLE_TESTABILITY = YES;
				GCC_C_LANGUAGE_STANDARD = gnu11;
				GCC_DYNAMIC_NO_PIC = NO;
				GCC_NO_COMMON_BLOCKS = YES;
				GCC_OPTIMIZATION_LEVEL = 0;
				GCC_PREPROCESSOR_DEFINITIONS = (
					"DEBUG=1",
					"$(inherited)",
				);
				GCC_WARN_64_TO_32_BIT_CONVERSION = YES;
				GCC_WARN_ABOUT_RETURN_TYPE = YES_ERROR;
				GCC_WARN_UNDECLARED_SELECTOR = YES;
				GCC_WARN_UNINITIALIZED_AUTOS = YES_AGGRESSIVE;
				GCC_WARN_UNUSED_FUNCTION = YES;
				GCC_WARN_UNUSED_VARIABLE = YES;
				MACOSX_DEPLOYMENT_TARGET = 10.13;
				MTL_ENABLE_DEBUG_INFO = YES;
				ONLY_ACTIVE_ARCH = YES;
				SDKROOT = macosx;
				SWIFT_ACTIVE_COMPILATION_CONDITIONS = DEBUG;
				SWIFT_OPTIMIZATION_LEVEL = "-Onone";
			};
			name = Debug;
		};
		83AE2E121F8CAC2800F38CC9 /* Release */ = {
			isa = XCBuildConfiguration;
			buildSettings = {
				ALWAYS_SEARCH_USER_PATHS = NO;
				CLANG_ANALYZER_NONNULL = YES;
				CLANG_ANALYZER_NUMBER_OBJECT_CONVERSION = YES_AGGRESSIVE;
				CLANG_CXX_LANGUAGE_STANDARD = "gnu++14";
				CLANG_CXX_LIBRARY = "libc++";
				CLANG_ENABLE_MODULES = YES;
				CLANG_ENABLE_OBJC_ARC = YES;
				CLANG_WARN_BLOCK_CAPTURE_AUTORELEASING = YES;
				CLANG_WARN_BOOL_CONVERSION = YES;
				CLANG_WARN_COMMA = YES;
				CLANG_WARN_CONSTANT_CONVERSION = YES;
				CLANG_WARN_DEPRECATED_OBJC_IMPLEMENTATIONS = YES;
				CLANG_WARN_DIRECT_OBJC_ISA_USAGE = YES_ERROR;
				CLANG_WARN_DOCUMENTATION_COMMENTS = YES;
				CLANG_WARN_EMPTY_BODY = YES;
				CLANG_WARN_ENUM_CONVERSION = YES;
				CLANG_WARN_INFINITE_RECURSION = YES;
				CLANG_WARN_INT_CONVERSION = YES;
				CLANG_WARN_NON_LITERAL_NULL_CONVERSION = YES;
				CLANG_WARN_OBJC_IMPLICIT_RETAIN_SELF = YES;
				CLANG_WARN_OBJC_LITERAL_CONVERSION = YES;
				CLANG_WARN_OBJC_ROOT_CLASS = YES_ERROR;
				CLANG_WARN_RANGE_LOOP_ANALYSIS = YES;
				CLANG_WARN_STRICT_PROTOTYPES = YES;
				CLANG_WARN_SUSPICIOUS_MOVE = YES;
				CLANG_WARN_UNGUARDED_AVAILABILITY = YES_AGGRESSIVE;
				CLANG_WARN_UNREACHABLE_CODE = YES;
				CLANG_WARN__DUPLICATE_METHOD_MATCH = YES;
				CODE_SIGN_IDENTITY = "-";
				COPY_PHASE_STRIP = NO;
				DEBUG_INFORMATION_FORMAT = "dwarf-with-dsym";
				ENABLE_NS_ASSERTIONS = NO;
				ENABLE_STRICT_OBJC_MSGSEND = YES;
				GCC_C_LANGUAGE_STANDARD = gnu11;
				GCC_NO_COMMON_BLOCKS = YES;
				GCC_WARN_64_TO_32_BIT_CONVERSION = YES;
				GCC_WARN_ABOUT_RETURN_TYPE = YES_ERROR;
				GCC_WARN_UNDECLARED_SELECTOR = YES;
				GCC_WARN_UNINITIALIZED_AUTOS = YES_AGGRESSIVE;
				GCC_WARN_UNUSED_FUNCTION = YES;
				GCC_WARN_UNUSED_VARIABLE = YES;
				MACOSX_DEPLOYMENT_TARGET = 10.13;
				MTL_ENABLE_DEBUG_INFO = NO;
				SDKROOT = macosx;
				SWIFT_OPTIMIZATION_LEVEL = "-Owholemodule";
			};
			name = Release;
		};
		83AE2E141F8CAC2800F38CC9 /* Debug */ = {
			isa = XCBuildConfiguration;
			buildSettings = {
				CODE_SIGN_STYLE = Automatic;
				PRODUCT_NAME = "$(TARGET_NAME)";
				SWIFT_VERSION = 4.2;
			};
			name = Debug;
		};
		83AE2E151F8CAC2800F38CC9 /* Release */ = {
			isa = XCBuildConfiguration;
			buildSettings = {
				CODE_SIGN_STYLE = Automatic;
				PRODUCT_NAME = "$(TARGET_NAME)";
				SWIFT_VERSION = 4.2;
			};
			name = Release;
		};
/* End XCBuildConfiguration section */

/* Begin XCConfigurationList section */
		83AE2E071F8CAC2800F38CC9 /* Build configuration list for PBXProject "JSONParser" */ = {
			isa = XCConfigurationList;
			buildConfigurations = (
				83AE2E111F8CAC2800F38CC9 /* Debug */,
				83AE2E121F8CAC2800F38CC9 /* Release */,
			);
			defaultConfigurationIsVisible = 0;
			defaultConfigurationName = Release;
		};
		83AE2E131F8CAC2800F38CC9 /* Build configuration list for PBXNativeTarget "JSONParser" */ = {
			isa = XCConfigurationList;
			buildConfigurations = (
				83AE2E141F8CAC2800F38CC9 /* Debug */,
				83AE2E151F8CAC2800F38CC9 /* Release */,
			);
			defaultConfigurationIsVisible = 0;
			defaultConfigurationName = Release;
		};
/* End XCConfigurationList section */
	};
	rootObject = 83AE2E041F8CAC2800F38CC9 /* Project object */;
}
