// !$*UTF8*$!
{
	archiveVersion = 1;
	classes = {
	};
	objectVersion = 48;
	objects = {

/* Begin PBXBuildFile section */
		3E3105F3212158580058361E /* Formatter.swift in Sources */ = {isa = PBXBuildFile; fileRef = 3E3105F2212158580058361E /* Formatter.swift */; };
		3E365EBE2113F8D0005808C2 /* InputView.swift in Sources */ = {isa = PBXBuildFile; fileRef = 3E365EBD2113F8D0005808C2 /* InputView.swift */; };
		3E4339A7211F24CB0090041D /* Tokenizer.swift in Sources */ = {isa = PBXBuildFile; fileRef = 3E4339A6211F24CB0090041D /* Tokenizer.swift */; };
		3E8724DA2117DBC500708426 /* OutputView.swift in Sources */ = {isa = PBXBuildFile; fileRef = 3E8724D92117DBC500708426 /* OutputView.swift */; };
		3E8C7329211BD97400E68533 /* JSONParserTest.swift in Sources */ = {isa = PBXBuildFile; fileRef = 3E8C7328211BD97400E68533 /* JSONParserTest.swift */; };
		83AE2E101F8CAC2800F38CC9 /* main.swift in Sources */ = {isa = PBXBuildFile; fileRef = 83AE2E0F1F8CAC2800F38CC9 /* main.swift */; };
/* End PBXBuildFile section */

/* Begin PBXCopyFilesBuildPhase section */
		83AE2E0A1F8CAC2800F38CC9 /* CopyFiles */ = {
			isa = PBXCopyFilesBuildPhase;
			buildActionMask = 2147483647;
			dstPath = /usr/share/man/man1/;
			dstSubfolderSpec = 0;
			files = (
			);
			runOnlyForDeploymentPostprocessing = 1;
		};
/* End PBXCopyFilesBuildPhase section */

/* Begin PBXFileReference section */
		3E3105F2212158580058361E /* Formatter.swift */ = {isa = PBXFileReference; lastKnownFileType = sourcecode.swift; path = Formatter.swift; sourceTree = "<group>"; };
		3E365EBD2113F8D0005808C2 /* InputView.swift */ = {isa = PBXFileReference; lastKnownFileType = sourcecode.swift; path = InputView.swift; sourceTree = "<group>"; };
		3E4339A6211F24CB0090041D /* Tokenizer.swift */ = {isa = PBXFileReference; lastKnownFileType = sourcecode.swift; path = Tokenizer.swift; sourceTree = "<group>"; };
		3E8724D92117DBC500708426 /* OutputView.swift */ = {isa = PBXFileReference; lastKnownFileType = sourcecode.swift; path = OutputView.swift; sourceTree = "<group>"; };
		3E8C7326211BD97400E68533 /* JSONParserTest.xctest */ = {isa = PBXFileReference; explicitFileType = wrapper.cfbundle; includeInIndex = 0; path = JSONParserTest.xctest; sourceTree = BUILT_PRODUCTS_DIR; };
		3E8C7328211BD97400E68533 /* JSONParserTest.swift */ = {isa = PBXFileReference; lastKnownFileType = sourcecode.swift; path = JSONParserTest.swift; sourceTree = "<group>"; };
		3E8C732A211BD97400E68533 /* Info.plist */ = {isa = PBXFileReference; lastKnownFileType = text.plist.xml; path = Info.plist; sourceTree = "<group>"; };
		83AE2E0C1F8CAC2800F38CC9 /* JSONParser */ = {isa = PBXFileReference; explicitFileType = "compiled.mach-o.executable"; includeInIndex = 0; path = JSONParser; sourceTree = BUILT_PRODUCTS_DIR; };
		83AE2E0F1F8CAC2800F38CC9 /* main.swift */ = {isa = PBXFileReference; lastKnownFileType = sourcecode.swift; path = main.swift; sourceTree = "<group>"; };
/* End PBXFileReference section */

/* Begin PBXFrameworksBuildPhase section */
		3E8C7323211BD97400E68533 /* Frameworks */ = {
			isa = PBXFrameworksBuildPhase;
			buildActionMask = 2147483647;
			files = (
			);
			runOnlyForDeploymentPostprocessing = 0;
		};
		83AE2E091F8CAC2800F38CC9 /* Frameworks */ = {
			isa = PBXFrameworksBuildPhase;
			buildActionMask = 2147483647;
			files = (
			);
			runOnlyForDeploymentPostprocessing = 0;
		};
/* End PBXFrameworksBuildPhase section */

/* Begin PBXGroup section */
		3E8C7327211BD97400E68533 /* JSONParserTest */ = {
			isa = PBXGroup;
			children = (
				3E8C7328211BD97400E68533 /* JSONParserTest.swift */,
				3E8C732A211BD97400E68533 /* Info.plist */,
			);
			path = JSONParserTest;
			sourceTree = "<group>";
		};
		83AE2E031F8CAC2800F38CC9 = {
			isa = PBXGroup;
			children = (
				83AE2E0E1F8CAC2800F38CC9 /* JSONParser */,
				3E8C7327211BD97400E68533 /* JSONParserTest */,
				83AE2E0D1F8CAC2800F38CC9 /* Products */,
			);
			sourceTree = "<group>";
		};
		83AE2E0D1F8CAC2800F38CC9 /* Products */ = {
			isa = PBXGroup;
			children = (
				83AE2E0C1F8CAC2800F38CC9 /* JSONParser */,
				3E8C7326211BD97400E68533 /* JSONParserTest.xctest */,
			);
			name = Products;
			sourceTree = "<group>";
		};
		83AE2E0E1F8CAC2800F38CC9 /* JSONParser */ = {
			isa = PBXGroup;
			children = (
				83AE2E0F1F8CAC2800F38CC9 /* main.swift */,
				3E365EBD2113F8D0005808C2 /* InputView.swift */,
				3E8724D92117DBC500708426 /* OutputView.swift */,
				3E4339A6211F24CB0090041D /* Tokenizer.swift */,
				3E3105F2212158580058361E /* Formatter.swift */,
			);
			path = JSONParser;
			sourceTree = "<group>";
		};
/* End PBXGroup section */

/* Begin PBXNativeTarget section */
		3E8C7325211BD97400E68533 /* JSONParserTest */ = {
			isa = PBXNativeTarget;
			buildConfigurationList = 3E8C732B211BD97400E68533 /* Build configuration list for PBXNativeTarget "JSONParserTest" */;
			buildPhases = (
				3E8C7322211BD97400E68533 /* Sources */,
				3E8C7323211BD97400E68533 /* Frameworks */,
				3E8C7324211BD97400E68533 /* Resources */,
			);
			buildRules = (
			);
			dependencies = (
			);
			name = JSONParserTest;
			productName = JSONParserTest;
			productReference = 3E8C7326211BD97400E68533 /* JSONParserTest.xctest */;
			productType = "com.apple.product-type.bundle.unit-test";
		};
		83AE2E0B1F8CAC2800F38CC9 /* JSONParser */ = {
			isa = PBXNativeTarget;
			buildConfigurationList = 83AE2E131F8CAC2800F38CC9 /* Build configuration list for PBXNativeTarget "JSONParser" */;
			buildPhases = (
				83AE2E081F8CAC2800F38CC9 /* Sources */,
				83AE2E091F8CAC2800F38CC9 /* Frameworks */,
				83AE2E0A1F8CAC2800F38CC9 /* CopyFiles */,
			);
			buildRules = (
			);
			dependencies = (
			);
			name = JSONParser;
			productName = JSONParser;
			productReference = 83AE2E0C1F8CAC2800F38CC9 /* JSONParser */;
			productType = "com.apple.product-type.tool";
		};
/* End PBXNativeTarget section */

/* Begin PBXProject section */
		83AE2E041F8CAC2800F38CC9 /* Project object */ = {
			isa = PBXProject;
			attributes = {
				LastSwiftUpdateCheck = 0940;
				LastUpgradeCheck = 0940;
				ORGANIZATIONNAME = JK;
				TargetAttributes = {
					3E8C7325211BD97400E68533 = {
						CreatedOnToolsVersion = 9.4.1;
						ProvisioningStyle = Automatic;
					};
					83AE2E0B1F8CAC2800F38CC9 = {
						CreatedOnToolsVersion = 9.0;
						ProvisioningStyle = Automatic;
					};
				};
			};
			buildConfigurationList = 83AE2E071F8CAC2800F38CC9 /* Build configuration list for PBXProject "JSONParser" */;
			compatibilityVersion = "Xcode 8.0";
			developmentRegion = en;
			hasScannedForEncodings = 0;
			knownRegions = (
				en,
			);
			mainGroup = 83AE2E031F8CAC2800F38CC9;
			productRefGroup = 83AE2E0D1F8CAC2800F38CC9 /* Products */;
			projectDirPath = "";
			projectRoot = "";
			targets = (
				83AE2E0B1F8CAC2800F38CC9 /* JSONParser */,
				3E8C7325211BD97400E68533 /* JSONParserTest */,
			);
		};
/* End PBXProject section */

/* Begin PBXResourcesBuildPhase section */
		3E8C7324211BD97400E68533 /* Resources */ = {
			isa = PBXResourcesBuildPhase;
			buildActionMask = 2147483647;
			files = (
			);
			runOnlyForDeploymentPostprocessing = 0;
		};
/* End PBXResourcesBuildPhase section */

/* Begin PBXSourcesBuildPhase section */
		3E8C7322211BD97400E68533 /* Sources */ = {
			isa = PBXSourcesBuildPhase;
			buildActionMask = 2147483647;
			files = (
				3E8C7329211BD97400E68533 /* JSONParserTest.swift in Sources */,
			);
			runOnlyForDeploymentPostprocessing = 0;
		};
		83AE2E081F8CAC2800F38CC9 /* Sources */ = {
			isa = PBXSourcesBuildPhase;
			buildActionMask = 2147483647;
			files = (
				83AE2E101F8CAC2800F38CC9 /* main.swift in Sources */,
				3E4339A7211F24CB0090041D /* Tokenizer.swift in Sources */,
				3E365EBE2113F8D0005808C2 /* InputView.swift in Sources */,
				3E8724DA2117DBC500708426 /* OutputView.swift in Sources */,
				3E3105F3212158580058361E /* Formatter.swift in Sources */,
			);
			runOnlyForDeploymentPostprocessing = 0;
		};
/* End PBXSourcesBuildPhase section */

/* Begin XCBuildConfiguration section */
		3E8C732C211BD97400E68533 /* Debug */ = {
			isa = XCBuildConfiguration;
			buildSettings = {
				CLANG_ENABLE_OBJC_WEAK = YES;
				CODE_SIGN_IDENTITY = "Mac Developer";
				CODE_SIGN_STYLE = Automatic;
				COMBINE_HIDPI_IMAGES = YES;
				DEVELOPMENT_TEAM = 452DHHAC9T;
				INFOPLIST_FILE = JSONParserTest/Info.plist;
				LD_RUNPATH_SEARCH_PATHS = "$(inherited) @executable_path/../Frameworks @loader_path/../Frameworks";
				MACOSX_DEPLOYMENT_TARGET = 10.13;
				PRODUCT_BUNDLE_IDENTIFIER = com.JSONParserTest;
				PRODUCT_NAME = "$(TARGET_NAME)";
				SWIFT_VERSION = 4.0;
			};
			name = Debug;
		};
		3E8C732D211BD97400E68533 /* Release */ = {
			isa = XCBuildConfiguration;
			buildSettings = {
				CLANG_ENABLE_OBJC_WEAK = YES;
				CODE_SIGN_IDENTITY = "Mac Developer";
				CODE_SIGN_STYLE = Automatic;
				COMBINE_HIDPI_IMAGES = YES;
				DEVELOPMENT_TEAM = 452DHHAC9T;
				INFOPLIST_FILE = JSONParserTest/Info.plist;
				LD_RUNPATH_SEARCH_PATHS = "$(inherited) @executable_path/../Frameworks @loader_path/../Frameworks";
				MACOSX_DEPLOYMENT_TARGET = 10.13;
				PRODUCT_BUNDLE_IDENTIFIER = com.JSONParserTest;
				PRODUCT_NAME = "$(TARGET_NAME)";
				SWIFT_VERSION = 4.0;
			};
			name = Release;
		};
		83AE2E111F8CAC2800F38CC9 /* Debug */ = {
			isa = XCBuildConfiguration;
			buildSettings = {
				ALWAYS_SEARCH_USER_PATHS = NO;
				CLANG_ANALYZER_NONNULL = YES;
				CLANG_ANALYZER_NUMBER_OBJECT_CONVERSION = YES_AGGRESSIVE;
				CLANG_CXX_LANGUAGE_STANDARD = "gnu++14";
				CLANG_CXX_LIBRARY = "libc++";
				CLANG_ENABLE_MODULES = YES;
				CLANG_ENABLE_OBJC_ARC = YES;
				CLANG_WARN_BLOCK_CAPTURE_AUTORELEASING = YES;
				CLANG_WARN_BOOL_CONVERSION = YES;
				CLANG_WARN_COMMA = YES;
				CLANG_WARN_CONSTANT_CONVERSION = YES;
				CLANG_WARN_DEPRECATED_OBJC_IMPLEMENTATIONS = YES;
				CLANG_WARN_DIRECT_OBJC_ISA_USAGE = YES_ERROR;
				CLANG_WARN_DOCUMENTATION_COMMENTS = YES;
				CLANG_WARN_EMPTY_BODY = YES;
				CLANG_WARN_ENUM_CONVERSION = YES;
				CLANG_WARN_INFINITE_RECURSION = YES;
				CLANG_WARN_INT_CONVERSION = YES;
				CLANG_WARN_NON_LITERAL_NULL_CONVERSION = YES;
				CLANG_WARN_OBJC_IMPLICIT_RETAIN_SELF = YES;
				CLANG_WARN_OBJC_LITERAL_CONVERSION = YES;
				CLANG_WARN_OBJC_ROOT_CLASS = YES_ERROR;
				CLANG_WARN_RANGE_LOOP_ANALYSIS = YES;
				CLANG_WARN_STRICT_PROTOTYPES = YES;
				CLANG_WARN_SUSPICIOUS_MOVE = YES;
				CLANG_WARN_UNGUARDED_AVAILABILITY = YES_AGGRESSIVE;
				CLANG_WARN_UNREACHABLE_CODE = YES;
				CLANG_WARN__DUPLICATE_METHOD_MATCH = YES;
				CODE_SIGN_IDENTITY = "-";
				COPY_PHASE_STRIP = NO;
				DEBUG_INFORMATION_FORMAT = dwarf;
				ENABLE_STRICT_OBJC_MSGSEND = YES;
				ENABLE_TESTABILITY = YES;
				GCC_C_LANGUAGE_STANDARD = gnu11;
				GCC_DYNAMIC_NO_PIC = NO;
				GCC_NO_COMMON_BLOCKS = YES;
				GCC_OPTIMIZATION_LEVEL = 0;
				GCC_PREPROCESSOR_DEFINITIONS = (
					"DEBUG=1",
					"$(inherited)",
				);
				GCC_WARN_64_TO_32_BIT_CONVERSION = YES;
				GCC_WARN_ABOUT_RETURN_TYPE = YES_ERROR;
				GCC_WARN_UNDECLARED_SELECTOR = YES;
				GCC_WARN_UNINITIALIZED_AUTOS = YES_AGGRESSIVE;
				GCC_WARN_UNUSED_FUNCTION = YES;
				GCC_WARN_UNUSED_VARIABLE = YES;
				MACOSX_DEPLOYMENT_TARGET = 10.13;
				MTL_ENABLE_DEBUG_INFO = YES;
				ONLY_ACTIVE_ARCH = YES;
				SDKROOT = macosx;
				SWIFT_ACTIVE_COMPILATION_CONDITIONS = DEBUG;
				SWIFT_OPTIMIZATION_LEVEL = "-Onone";
			};
			name = Debug;
		};
		83AE2E121F8CAC2800F38CC9 /* Release */ = {
			isa = XCBuildConfiguration;
			buildSettings = {
				ALWAYS_SEARCH_USER_PATHS = NO;
				CLANG_ANALYZER_NONNULL = YES;
				CLANG_ANALYZER_NUMBER_OBJECT_CONVERSION = YES_AGGRESSIVE;
				CLANG_CXX_LANGUAGE_STANDARD = "gnu++14";
				CLANG_CXX_LIBRARY = "libc++";
				CLANG_ENABLE_MODULES = YES;
				CLANG_ENABLE_OBJC_ARC = YES;
				CLANG_WARN_BLOCK_CAPTURE_AUTORELEASING = YES;
				CLANG_WARN_BOOL_CONVERSION = YES;
				CLANG_WARN_COMMA = YES;
				CLANG_WARN_CONSTANT_CONVERSION = YES;
				CLANG_WARN_DEPRECATED_OBJC_IMPLEMENTATIONS = YES;
				CLANG_WARN_DIRECT_OBJC_ISA_USAGE = YES_ERROR;
				CLANG_WARN_DOCUMENTATION_COMMENTS = YES;
				CLANG_WARN_EMPTY_BODY = YES;
				CLANG_WARN_ENUM_CONVERSION = YES;
				CLANG_WARN_INFINITE_RECURSION = YES;
				CLANG_WARN_INT_CONVERSION = YES;
				CLANG_WARN_NON_LITERAL_NULL_CONVERSION = YES;
				CLANG_WARN_OBJC_IMPLICIT_RETAIN_SELF = YES;
				CLANG_WARN_OBJC_LITERAL_CONVERSION = YES;
				CLANG_WARN_OBJC_ROOT_CLASS = YES_ERROR;
				CLANG_WARN_RANGE_LOOP_ANALYSIS = YES;
				CLANG_WARN_STRICT_PROTOTYPES = YES;
				CLANG_WARN_SUSPICIOUS_MOVE = YES;
				CLANG_WARN_UNGUARDED_AVAILABILITY = YES_AGGRESSIVE;
				CLANG_WARN_UNREACHABLE_CODE = YES;
				CLANG_WARN__DUPLICATE_METHOD_MATCH = YES;
				CODE_SIGN_IDENTITY = "-";
				COPY_PHASE_STRIP = NO;
				DEBUG_INFORMATION_FORMAT = "dwarf-with-dsym";
				ENABLE_NS_ASSERTIONS = NO;
				ENABLE_STRICT_OBJC_MSGSEND = YES;
				GCC_C_LANGUAGE_STANDARD = gnu11;
				GCC_NO_COMMON_BLOCKS = YES;
				GCC_WARN_64_TO_32_BIT_CONVERSION = YES;
				GCC_WARN_ABOUT_RETURN_TYPE = YES_ERROR;
				GCC_WARN_UNDECLARED_SELECTOR = YES;
				GCC_WARN_UNINITIALIZED_AUTOS = YES_AGGRESSIVE;
				GCC_WARN_UNUSED_FUNCTION = YES;
				GCC_WARN_UNUSED_VARIABLE = YES;
				MACOSX_DEPLOYMENT_TARGET = 10.13;
				MTL_ENABLE_DEBUG_INFO = NO;
				SDKROOT = macosx;
				SWIFT_OPTIMIZATION_LEVEL = "-Owholemodule";
			};
			name = Release;
		};
		83AE2E141F8CAC2800F38CC9 /* Debug */ = {
			isa = XCBuildConfiguration;
			buildSettings = {
				CODE_SIGN_STYLE = Automatic;
				PRODUCT_NAME = "$(TARGET_NAME)";
				SWIFT_VERSION = 4.0;
			};
			name = Debug;
		};
		83AE2E151F8CAC2800F38CC9 /* Release */ = {
			isa = XCBuildConfiguration;
			buildSettings = {
				CODE_SIGN_STYLE = Automatic;
				PRODUCT_NAME = "$(TARGET_NAME)";
				SWIFT_VERSION = 4.0;
			};
			name = Release;
		};
/* End XCBuildConfiguration section */

/* Begin XCConfigurationList section */
		3E8C732B211BD97400E68533 /* Build configuration list for PBXNativeTarget "JSONParserTest" */ = {
			isa = XCConfigurationList;
			buildConfigurations = (
				3E8C732C211BD97400E68533 /* Debug */,
				3E8C732D211BD97400E68533 /* Release */,
			);
			defaultConfigurationIsVisible = 0;
			defaultConfigurationName = Release;
		};
		83AE2E071F8CAC2800F38CC9 /* Build configuration list for PBXProject "JSONParser" */ = {
			isa = XCConfigurationList;
			buildConfigurations = (
				83AE2E111F8CAC2800F38CC9 /* Debug */,
				83AE2E121F8CAC2800F38CC9 /* Release */,
			);
			defaultConfigurationIsVisible = 0;
			defaultConfigurationName = Release;
		};
		83AE2E131F8CAC2800F38CC9 /* Build configuration list for PBXNativeTarget "JSONParser" */ = {
			isa = XCConfigurationList;
			buildConfigurations = (
				83AE2E141F8CAC2800F38CC9 /* Debug */,
				83AE2E151F8CAC2800F38CC9 /* Release */,
			);
			defaultConfigurationIsVisible = 0;
			defaultConfigurationName = Release;
		};
/* End XCConfigurationList section */
	};
	rootObject = 83AE2E041F8CAC2800F38CC9 /* Project object */;
}
